{
  "name": "headless-chrome-scraper",
  "version": "1.0.0",
  "lockfileVersion": 1,
  "requires": true,
  "dependencies": {
    "esm": {
      "version": "3.0.15",
      "resolved": "https://registry.npmjs.org/esm/-/esm-3.0.15.tgz",
      "integrity": "sha512-Oo5/jQauHIuklXdjZR3tGESw7Hvji+vdWYWViTvfHSHLiaKF407IlE2ENterY0NIrBbkBcxP9b0OwaztvGE53Q=="
    }
  }
}
